
Microsoft Visual Studio Solution File, Format Version 12.00
# Visual Studio Version 16
VisualStudioVersion = 16.0.30611.23
MinimumVisualStudioVersion = 10.0.40219.1
Project("{2150E333-8FDC-42A3-9474-1A3956D46DE8}") = "Overview", "Overview", "{9FF8BAFE-5548-4673-B04B-FFBC4E7F6A4C}"
EndProject
Project("{F184B08F-C81C-45F6-A57F-5ABD9991F28F}") = "ASPNet_MVC_48_Overview", "ASPNet_MVC_48_Overview\ASPNet_MVC_48_Overview.vbproj", "{E99FDED3-0A63-4530-AB0B-76AD5AF67D7A}"
EndProject
Project("{F184B08F-C81C-45F6-A57F-5ABD9991F28F}") = "ASPNet_WebForms_48_Overwiew", "ASPNet_WebForms_48_Overwiew\ASPNet_WebForms_48_Overwiew.vbproj", "{CD8E53D2-B177-494B-AE08-1CEEF98E43D7}"
EndProject
Project("{FAE04EC0-301F-11D3-BF4B-00C04F79EFBC}") = "AspNet_SinglePages_Overview", "AspNet_SinglePages_Overview\AspNet_SinglePages_Overview.csproj", "{F63877C5-DAB0-441E-90D2-8D8EA5E6D86B}"
EndProject
Project("{FAE04EC0-301F-11D3-BF4B-00C04F79EFBC}") = "AspNet_WebApi_WithoutMVC", "AspNet_WebApi_WithoutMVC\AspNet_WebApi_WithoutMVC.csproj", "{D24F611C-958B-444B-9336-139DB2CE6F3A}"
EndProject
Project("{2150E333-8FDC-42A3-9474-1A3956D46DE8}") = "AspNetCore", "AspNetCore", "{3DE377B0-A52F-4E15-A16A-5EB430ECEB0A}"
EndProject
Project("{9A19103F-16F7-4668-BE54-9A1E7A4F7556}") = "AspNetCore_RazorPages_Overview", "AspNet_RazorPages_Overview\AspNetCore_RazorPages_Overview.csproj", "{AF28CB04-AA51-4FF1-9497-EA91BE8528CF}"
EndProject
Project("{9A19103F-16F7-4668-BE54-9A1E7A4F7556}") = "AspNetCore_MVC_Overview", "AspNetCore_MVC_Overview\AspNetCore_MVC_Overview.csproj", "{67D7CA97-942A-4E91-ADF1-D8371E5328BC}"
EndProject
Project("{9A19103F-16F7-4668-BE54-9A1E7A4F7556}") = "AspNetCore_WebAPI", "AspNetCore_WebAPI\AspNetCore_WebAPI.csproj", "{B4C737D8-1214-4369-BCE6-A8CF37923CCA}"
EndProject
Project("{9A19103F-16F7-4668-BE54-9A1E7A4F7556}") = "AspNetCore_ConfigurationSample", "AspNetCore_ConfigurationSample\AspNetCore_ConfigurationSample.csproj", "{2EAAD03B-07D7-4E2B-9D84-B57077D85618}"
EndProject
Project("{9A19103F-16F7-4668-BE54-9A1E7A4F7556}") = "DependencyInjectionSample_Library", "DependencyInjectionSample\DependencyInjectionSample_Library.csproj", "{E915275C-4182-4122-8765-4471F0FCF048}"
EndProject
Project("{9A19103F-16F7-4668-BE54-9A1E7A4F7556}") = "DependencyInjectionSample_Console", "DependencyInjectionSample_Console\DependencyInjectionSample_Console.csproj", "{F1FC4C43-C25A-45A9-B708-925B01538C87}"
EndProject
Project("{9A19103F-16F7-4668-BE54-9A1E7A4F7556}") = "PluginSample_PluginDLL", "PluginSample_PluginDLL\PluginSample_PluginDLL.csproj", "{F63325A8-A397-45B5-866B-FF3FC739F539}"
EndProject
Project("{9A19103F-16F7-4668-BE54-9A1E7A4F7556}") = "PluginSample_ThePlugin", "PluginSample_ThePlugin\PluginSample_ThePlugin.csproj", "{24EC5CCD-3B0C-4AEF-8E1E-6DD755A5159F}"
EndProject
Project("{9A19103F-16F7-4668-BE54-9A1E7A4F7556}") = "PluginSample_TheApp_Console", "PluginSample_TheApp_Console\PluginSample_TheApp_Console.csproj", "{611518B7-674B-48DE-A8A3-502D1D4BE358}"
EndProject
Project("{9A19103F-16F7-4668-BE54-9A1E7A4F7556}") = "AspNetCore_DependencyInjectionSample", "AspNetCore_DependencyInjectionSample\AspNetCore_DependencyInjectionSample.csproj", "{F483D53D-B66C-4D3E-AE1E-290CE1AE6C75}"
EndProject
Project("{9A19103F-16F7-4668-BE54-9A1E7A4F7556}") = "AspNetCore_RazorPagesSamples", "AspNetCore_RazorPagesSamples\AspNetCore_RazorPagesSamples.csproj", "{6C714325-1800-485D-B4E3-4E7AD44A8617}"
EndProject
Project("{9A19103F-16F7-4668-BE54-9A1E7A4F7556}") = "AnonymeTypenVsTypisierteTypen", "AnonymeTypenVsTypisierteTypen\AnonymeTypenVsTypisierteTypen.csproj", "{FED359C6-1553-4519-A71F-07F01749B93A}"
EndProject
Project("{2150E333-8FDC-42A3-9474-1A3956D46DE8}") = "MVC", "MVC", "{18196954-9C4D-4AC6-92E7-ADF8063EA5DF}"
EndProject
Project("{9A19103F-16F7-4668-BE54-9A1E7A4F7556}") = "MVCSamples", "MVCSamples\MVCSamples.csproj", "{A7C2DAC5-1C24-40AC-B6BA-B1DADE0CC842}"
EndProject
Project("{2150E333-8FDC-42A3-9474-1A3956D46DE8}") = "KestrelServer", "KestrelServer", "{37701502-8D5B-448B-AEA0-43BC3CA3C2FD}"
EndProject
Project("{2150E333-8FDC-42A3-9474-1A3956D46DE8}") = "Solution Items", "Solution Items", "{BB27B33B-9ECB-4084-A557-704CD6306CF7}"
	ProjectSection(SolutionItems) = preProject
		Agenda Mittwoch.txt = Agenda Mittwoch.txt
		LinkCollection.txt = LinkCollection.txt
	EndProjectSection
EndProject
Project("{9A19103F-16F7-4668-BE54-9A1E7A4F7556}") = "NullableTypesSample", "NullableTypesSample\NullableTypesSample.csproj", "{B24B9053-442E-416B-AA6D-8BFFB727C9C6}"
EndProject
Project("{2150E333-8FDC-42A3-9474-1A3956D46DE8}") = "WebAPI", "WebAPI", "{614D8864-874D-4738-8D24-682E1324B200}"
EndProject
Project("{9A19103F-16F7-4668-BE54-9A1E7A4F7556}") = "WebAPIBasics", "WebAPIBasics\WebAPIBasics.csproj", "{D014ED8C-E46C-4B19-AD9E-5F198C62CD15}"
EndProject
Project("{9A19103F-16F7-4668-BE54-9A1E7A4F7556}") = "MovieUI", "MovieUI\MovieUI.csproj", "{22F5B99E-E945-42E7-A256-8BE867195D7B}"
EndProject
Project("{9A19103F-16F7-4668-BE54-9A1E7A4F7556}") = "MovieSharedLibrary", "MovieSharedLibrary\MovieSharedLibrary.csproj", "{42C4FB86-CA0C-419C-9B23-BFC930024774}"
EndProject
Project("{2150E333-8FDC-42A3-9474-1A3956D46DE8}") = "Nachtrag_ViewData_TempData", "Nachtrag_ViewData_TempData", "{F1BD58D3-64F1-479D-9D06-CA06A58D4642}"
EndProject
Project("{FAE04EC0-301F-11D3-BF4B-00C04F79EFBC}") = "DataViewTempDataSample", "DataViewTempDataSample\DataViewTempDataSample.csproj", "{02A80A71-50A3-49D0-ACC9-50EA87AFEC2A}"
EndProject
Global
	GlobalSection(SolutionConfigurationPlatforms) = preSolution
		Debug|Any CPU = Debug|Any CPU
		Release|Any CPU = Release|Any CPU
	EndGlobalSection
	GlobalSection(ProjectConfigurationPlatforms) = postSolution
		{E99FDED3-0A63-4530-AB0B-76AD5AF67D7A}.Debug|Any CPU.ActiveCfg = Debug|Any CPU
		{E99FDED3-0A63-4530-AB0B-76AD5AF67D7A}.Debug|Any CPU.Build.0 = Debug|Any CPU
		{E99FDED3-0A63-4530-AB0B-76AD5AF67D7A}.Release|Any CPU.ActiveCfg = Release|Any CPU
		{E99FDED3-0A63-4530-AB0B-76AD5AF67D7A}.Release|Any CPU.Build.0 = Release|Any CPU
		{CD8E53D2-B177-494B-AE08-1CEEF98E43D7}.Debug|Any CPU.ActiveCfg = Debug|Any CPU
		{CD8E53D2-B177-494B-AE08-1CEEF98E43D7}.Debug|Any CPU.Build.0 = Debug|Any CPU
		{CD8E53D2-B177-494B-AE08-1CEEF98E43D7}.Release|Any CPU.ActiveCfg = Release|Any CPU
		{CD8E53D2-B177-494B-AE08-1CEEF98E43D7}.Release|Any CPU.Build.0 = Release|Any CPU
		{F63877C5-DAB0-441E-90D2-8D8EA5E6D86B}.Debug|Any CPU.ActiveCfg = Debug|Any CPU
		{F63877C5-DAB0-441E-90D2-8D8EA5E6D86B}.Debug|Any CPU.Build.0 = Debug|Any CPU
		{F63877C5-DAB0-441E-90D2-8D8EA5E6D86B}.Release|Any CPU.ActiveCfg = Release|Any CPU
		{F63877C5-DAB0-441E-90D2-8D8EA5E6D86B}.Release|Any CPU.Build.0 = Release|Any CPU
		{D24F611C-958B-444B-9336-139DB2CE6F3A}.Debug|Any CPU.ActiveCfg = Debug|Any CPU
		{D24F611C-958B-444B-9336-139DB2CE6F3A}.Debug|Any CPU.Build.0 = Debug|Any CPU
		{D24F611C-958B-444B-9336-139DB2CE6F3A}.Release|Any CPU.ActiveCfg = Release|Any CPU
		{D24F611C-958B-444B-9336-139DB2CE6F3A}.Release|Any CPU.Build.0 = Release|Any CPU
		{AF28CB04-AA51-4FF1-9497-EA91BE8528CF}.Debug|Any CPU.ActiveCfg = Debug|Any CPU
		{AF28CB04-AA51-4FF1-9497-EA91BE8528CF}.Debug|Any CPU.Build.0 = Debug|Any CPU
		{AF28CB04-AA51-4FF1-9497-EA91BE8528CF}.Release|Any CPU.ActiveCfg = Release|Any CPU
		{AF28CB04-AA51-4FF1-9497-EA91BE8528CF}.Release|Any CPU.Build.0 = Release|Any CPU
		{67D7CA97-942A-4E91-ADF1-D8371E5328BC}.Debug|Any CPU.ActiveCfg = Debug|Any CPU
		{67D7CA97-942A-4E91-ADF1-D8371E5328BC}.Debug|Any CPU.Build.0 = Debug|Any CPU
		{67D7CA97-942A-4E91-ADF1-D8371E5328BC}.Release|Any CPU.ActiveCfg = Release|Any CPU
		{67D7CA97-942A-4E91-ADF1-D8371E5328BC}.Release|Any CPU.Build.0 = Release|Any CPU
		{B4C737D8-1214-4369-BCE6-A8CF37923CCA}.Debug|Any CPU.ActiveCfg = Debug|Any CPU
		{B4C737D8-1214-4369-BCE6-A8CF37923CCA}.Debug|Any CPU.Build.0 = Debug|Any CPU
		{B4C737D8-1214-4369-BCE6-A8CF37923CCA}.Release|Any CPU.ActiveCfg = Release|Any CPU
		{B4C737D8-1214-4369-BCE6-A8CF37923CCA}.Release|Any CPU.Build.0 = Release|Any CPU
		{2EAAD03B-07D7-4E2B-9D84-B57077D85618}.Debug|Any CPU.ActiveCfg = Debug|Any CPU
		{2EAAD03B-07D7-4E2B-9D84-B57077D85618}.Debug|Any CPU.Build.0 = Debug|Any CPU
		{2EAAD03B-07D7-4E2B-9D84-B57077D85618}.Release|Any CPU.ActiveCfg = Release|Any CPU
		{2EAAD03B-07D7-4E2B-9D84-B57077D85618}.Release|Any CPU.Build.0 = Release|Any CPU
		{E915275C-4182-4122-8765-4471F0FCF048}.Debug|Any CPU.ActiveCfg = Debug|Any CPU
		{E915275C-4182-4122-8765-4471F0FCF048}.Debug|Any CPU.Build.0 = Debug|Any CPU
		{E915275C-4182-4122-8765-4471F0FCF048}.Release|Any CPU.ActiveCfg = Release|Any CPU
		{E915275C-4182-4122-8765-4471F0FCF048}.Release|Any CPU.Build.0 = Release|Any CPU
		{F1FC4C43-C25A-45A9-B708-925B01538C87}.Debug|Any CPU.ActiveCfg = Debug|Any CPU
		{F1FC4C43-C25A-45A9-B708-925B01538C87}.Debug|Any CPU.Build.0 = Debug|Any CPU
		{F1FC4C43-C25A-45A9-B708-925B01538C87}.Release|Any CPU.ActiveCfg = Release|Any CPU
		{F1FC4C43-C25A-45A9-B708-925B01538C87}.Release|Any CPU.Build.0 = Release|Any CPU
		{F63325A8-A397-45B5-866B-FF3FC739F539}.Debug|Any CPU.ActiveCfg = Debug|Any CPU
		{F63325A8-A397-45B5-866B-FF3FC739F539}.Debug|Any CPU.Build.0 = Debug|Any CPU
		{F63325A8-A397-45B5-866B-FF3FC739F539}.Release|Any CPU.ActiveCfg = Release|Any CPU
		{F63325A8-A397-45B5-866B-FF3FC739F539}.Release|Any CPU.Build.0 = Release|Any CPU
		{24EC5CCD-3B0C-4AEF-8E1E-6DD755A5159F}.Debug|Any CPU.ActiveCfg = Debug|Any CPU
		{24EC5CCD-3B0C-4AEF-8E1E-6DD755A5159F}.Debug|Any CPU.Build.0 = Debug|Any CPU
		{24EC5CCD-3B0C-4AEF-8E1E-6DD755A5159F}.Release|Any CPU.ActiveCfg = Release|Any CPU
		{24EC5CCD-3B0C-4AEF-8E1E-6DD755A5159F}.Release|Any CPU.Build.0 = Release|Any CPU
		{611518B7-674B-48DE-A8A3-502D1D4BE358}.Debug|Any CPU.ActiveCfg = Debug|Any CPU
		{611518B7-674B-48DE-A8A3-502D1D4BE358}.Debug|Any CPU.Build.0 = Debug|Any CPU
		{611518B7-674B-48DE-A8A3-502D1D4BE358}.Release|Any CPU.ActiveCfg = Release|Any CPU
		{611518B7-674B-48DE-A8A3-502D1D4BE358}.Release|Any CPU.Build.0 = Release|Any CPU
		{F483D53D-B66C-4D3E-AE1E-290CE1AE6C75}.Debug|Any CPU.ActiveCfg = Debug|Any CPU
		{F483D53D-B66C-4D3E-AE1E-290CE1AE6C75}.Debug|Any CPU.Build.0 = Debug|Any CPU
		{F483D53D-B66C-4D3E-AE1E-290CE1AE6C75}.Release|Any CPU.ActiveCfg = Release|Any CPU
		{F483D53D-B66C-4D3E-AE1E-290CE1AE6C75}.Release|Any CPU.Build.0 = Release|Any CPU
		{6C714325-1800-485D-B4E3-4E7AD44A8617}.Debug|Any CPU.ActiveCfg = Debug|Any CPU
		{6C714325-1800-485D-B4E3-4E7AD44A8617}.Debug|Any CPU.Build.0 = Debug|Any CPU
		{6C714325-1800-485D-B4E3-4E7AD44A8617}.Release|Any CPU.ActiveCfg = Release|Any CPU
		{6C714325-1800-485D-B4E3-4E7AD44A8617}.Release|Any CPU.Build.0 = Release|Any CPU
		{FED359C6-1553-4519-A71F-07F01749B93A}.Debug|Any CPU.ActiveCfg = Debug|Any CPU
		{FED359C6-1553-4519-A71F-07F01749B93A}.Debug|Any CPU.Build.0 = Debug|Any CPU
		{FED359C6-1553-4519-A71F-07F01749B93A}.Release|Any CPU.ActiveCfg = Release|Any CPU
		{FED359C6-1553-4519-A71F-07F01749B93A}.Release|Any CPU.Build.0 = Release|Any CPU
		{A7C2DAC5-1C24-40AC-B6BA-B1DADE0CC842}.Debug|Any CPU.ActiveCfg = Debug|Any CPU
		{A7C2DAC5-1C24-40AC-B6BA-B1DADE0CC842}.Debug|Any CPU.Build.0 = Debug|Any CPU
		{A7C2DAC5-1C24-40AC-B6BA-B1DADE0CC842}.Release|Any CPU.ActiveCfg = Release|Any CPU
		{A7C2DAC5-1C24-40AC-B6BA-B1DADE0CC842}.Release|Any CPU.Build.0 = Release|Any CPU
		{B24B9053-442E-416B-AA6D-8BFFB727C9C6}.Debug|Any CPU.ActiveCfg = Debug|Any CPU
		{B24B9053-442E-416B-AA6D-8BFFB727C9C6}.Debug|Any CPU.Build.0 = Debug|Any CPU
		{B24B9053-442E-416B-AA6D-8BFFB727C9C6}.Release|Any CPU.ActiveCfg = Release|Any CPU
		{B24B9053-442E-416B-AA6D-8BFFB727C9C6}.Release|Any CPU.Build.0 = Release|Any CPU
		{D014ED8C-E46C-4B19-AD9E-5F198C62CD15}.Debug|Any CPU.ActiveCfg = Debug|Any CPU
		{D014ED8C-E46C-4B19-AD9E-5F198C62CD15}.Debug|Any CPU.Build.0 = Debug|Any CPU
		{D014ED8C-E46C-4B19-AD9E-5F198C62CD15}.Release|Any CPU.ActiveCfg = Release|Any CPU
		{D014ED8C-E46C-4B19-AD9E-5F198C62CD15}.Release|Any CPU.Build.0 = Release|Any CPU
		{22F5B99E-E945-42E7-A256-8BE867195D7B}.Debug|Any CPU.ActiveCfg = Debug|Any CPU
		{22F5B99E-E945-42E7-A256-8BE867195D7B}.Debug|Any CPU.Build.0 = Debug|Any CPU
		{22F5B99E-E945-42E7-A256-8BE867195D7B}.Release|Any CPU.ActiveCfg = Release|Any CPU
		{22F5B99E-E945-42E7-A256-8BE867195D7B}.Release|Any CPU.Build.0 = Release|Any CPU
		{42C4FB86-CA0C-419C-9B23-BFC930024774}.Debug|Any CPU.ActiveCfg = Debug|Any CPU
		{42C4FB86-CA0C-419C-9B23-BFC930024774}.Debug|Any CPU.Build.0 = Debug|Any CPU
		{42C4FB86-CA0C-419C-9B23-BFC930024774}.Release|Any CPU.ActiveCfg = Release|Any CPU
		{42C4FB86-CA0C-419C-9B23-BFC930024774}.Release|Any CPU.Build.0 = Release|Any CPU
		{02A80A71-50A3-49D0-ACC9-50EA87AFEC2A}.Debug|Any CPU.ActiveCfg = Debug|Any CPU
		{02A80A71-50A3-49D0-ACC9-50EA87AFEC2A}.Debug|Any CPU.Build.0 = Debug|Any CPU
		{02A80A71-50A3-49D0-ACC9-50EA87AFEC2A}.Release|Any CPU.ActiveCfg = Release|Any CPU
		{02A80A71-50A3-49D0-ACC9-50EA87AFEC2A}.Release|Any CPU.Build.0 = Release|Any CPU
	EndGlobalSection
	GlobalSection(SolutionProperties) = preSolution
		HideSolutionNode = FALSE
	EndGlobalSection
	GlobalSection(NestedProjects) = preSolution
		{E99FDED3-0A63-4530-AB0B-76AD5AF67D7A} = {9FF8BAFE-5548-4673-B04B-FFBC4E7F6A4C}
		{CD8E53D2-B177-494B-AE08-1CEEF98E43D7} = {9FF8BAFE-5548-4673-B04B-FFBC4E7F6A4C}
		{F63877C5-DAB0-441E-90D2-8D8EA5E6D86B} = {9FF8BAFE-5548-4673-B04B-FFBC4E7F6A4C}
		{D24F611C-958B-444B-9336-139DB2CE6F3A} = {9FF8BAFE-5548-4673-B04B-FFBC4E7F6A4C}
		{3DE377B0-A52F-4E15-A16A-5EB430ECEB0A} = {9FF8BAFE-5548-4673-B04B-FFBC4E7F6A4C}
		{AF28CB04-AA51-4FF1-9497-EA91BE8528CF} = {3DE377B0-A52F-4E15-A16A-5EB430ECEB0A}
		{67D7CA97-942A-4E91-ADF1-D8371E5328BC} = {3DE377B0-A52F-4E15-A16A-5EB430ECEB0A}
		{B4C737D8-1214-4369-BCE6-A8CF37923CCA} = {3DE377B0-A52F-4E15-A16A-5EB430ECEB0A}
		{A7C2DAC5-1C24-40AC-B6BA-B1DADE0CC842} = {18196954-9C4D-4AC6-92E7-ADF8063EA5DF}
		{D014ED8C-E46C-4B19-AD9E-5F198C62CD15} = {614D8864-874D-4738-8D24-682E1324B200}
		{22F5B99E-E945-42E7-A256-8BE867195D7B} = {18196954-9C4D-4AC6-92E7-ADF8063EA5DF}
		{42C4FB86-CA0C-419C-9B23-BFC930024774} = {18196954-9C4D-4AC6-92E7-ADF8063EA5DF}
		{02A80A71-50A3-49D0-ACC9-50EA87AFEC2A} = {F1BD58D3-64F1-479D-9D06-CA06A58D4642}
	EndGlobalSection
	GlobalSection(ExtensibilityGlobals) = postSolution
		SolutionGuid = {9B0D33AE-88F3-4131-A98A-87AF8731FE3B}
	EndGlobalSection
EndGlobal
